// !$*UTF8*$!
{
	archiveVersion = 1;
	classes = {
	};
	objectVersion = 71;
	objects = {

/* Begin PBXBuildFile section */
		6C2B6A252B9C8CF900CDFDA6 /* PodcastIndexKit in Frameworks */ = {isa = PBXBuildFile; productRef = 6C2B6A242B9C8CF900CDFDA6 /* PodcastIndexKit */; };
		6C56B56B2C3AE37500E9565F /* PodcastIndexKit in Frameworks */ = {isa = PBXBuildFile; productRef = 6C56B56A2C3AE37500E9565F /* PodcastIndexKit */; };
		6C56B56E2C3AE3C600E9565F /* PodcastIndexKit in Frameworks */ = {isa = PBXBuildFile; productRef = 6C56B56D2C3AE3C600E9565F /* PodcastIndexKit */; };
		6C9681F52C41D101006D94BE /* PodcastIndexKit in Frameworks */ = {isa = PBXBuildFile; productRef = 6C9681F42C41D101006D94BE /* PodcastIndexKit */; };
		6C9681F82C41D356006D94BE /* PodcastIndexKit in Frameworks */ = {isa = PBXBuildFile; productRef = 6C9681F72C41D356006D94BE /* PodcastIndexKit */; };
		6CE2A3A02AF2FB8D003C82C3 /* PodcastIndexKit in Frameworks */ = {isa = PBXBuildFile; productRef = 6CE2A39F2AF2FB8D003C82C3 /* PodcastIndexKit */; };
		6CE2A3A32AF33366003C82C3 /* PodcastIndexKit in Frameworks */ = {isa = PBXBuildFile; productRef = 6CE2A3A22AF33366003C82C3 /* PodcastIndexKit */; };
/* End PBXBuildFile section */

/* Begin PBXFileReference section */
		6C15D2482A095221001CBAAD /* Effem.app */ = {isa = PBXFileReference; explicitFileType = wrapper.application; includeInIndex = 0; path = Effem.app; sourceTree = BUILT_PRODUCTS_DIR; };
/* End PBXFileReference section */

/* Begin PBXFileSystemSynchronizedBuildFileExceptionSet section */
		6C28B0BD2CC1B0F9002015E5 /* PBXFileSystemSynchronizedBuildFileExceptionSet */ = {
			isa = PBXFileSystemSynchronizedBuildFileExceptionSet;
			membershipExceptions = (
				System/Info.plist,
			);
			target = 6C15D2472A095221001CBAAD /* Effem */;
		};
/* End PBXFileSystemSynchronizedBuildFileExceptionSet section */

/* Begin PBXFileSystemSynchronizedRootGroup section */
		6C28B08B2CC1B0F9002015E5 /* Effem */ = {isa = PBXFileSystemSynchronizedRootGroup; exceptions = (6C28B0BD2CC1B0F9002015E5 /* PBXFileSystemSynchronizedBuildFileExceptionSet */, ); explicitFileTypes = {}; explicitFolders = (); path = Effem; sourceTree = "<group>"; };
		6C28B0BF2CC1B0FD002015E5 /* Configurations */ = {isa = PBXFileSystemSynchronizedRootGroup; explicitFileTypes = {}; explicitFolders = (); path = Configurations; sourceTree = "<group>"; };
/* End PBXFileSystemSynchronizedRootGroup section */

/* Begin PBXFrameworksBuildPhase section */
		6C15D2452A095221001CBAAD /* Frameworks */ = {
			isa = PBXFrameworksBuildPhase;
			buildActionMask = 2147483647;
			files = (
				6C56B56E2C3AE3C600E9565F /* PodcastIndexKit in Frameworks */,
				6C2B6A252B9C8CF900CDFDA6 /* PodcastIndexKit in Frameworks */,
				6C56B56B2C3AE37500E9565F /* PodcastIndexKit in Frameworks */,
				6C9681F52C41D101006D94BE /* PodcastIndexKit in Frameworks */,
				6C9681F82C41D356006D94BE /* PodcastIndexKit in Frameworks */,
				6CE2A3A32AF33366003C82C3 /* PodcastIndexKit in Frameworks */,
				6CE2A3A02AF2FB8D003C82C3 /* PodcastIndexKit in Frameworks */,
			);
			runOnlyForDeploymentPostprocessing = 0;
		};
/* End PBXFrameworksBuildPhase section */

/* Begin PBXGroup section */
		6C15D23F2A095221001CBAAD = {
			isa = PBXGroup;
			children = (
				6C28B0BF2CC1B0FD002015E5 /* Configurations */,
				6C28B08B2CC1B0F9002015E5 /* Effem */,
				6C15D2492A095221001CBAAD /* Products */,
			);
			sourceTree = "<group>";
		};
		6C15D2492A095221001CBAAD /* Products */ = {
			isa = PBXGroup;
			children = (
				6C15D2482A095221001CBAAD /* Effem.app */,
			);
			name = Products;
			sourceTree = "<group>";
		};
/* End PBXGroup section */

/* Begin PBXNativeTarget section */
		6C15D2472A095221001CBAAD /* Effem */ = {
			isa = PBXNativeTarget;
			buildConfigurationList = 6C15D2562A095222001CBAAD /* Build configuration list for PBXNativeTarget "Effem" */;
			buildPhases = (
				6C15D2442A095221001CBAAD /* Sources */,
				6C15D2452A095221001CBAAD /* Frameworks */,
				6C15D2462A095221001CBAAD /* Resources */,
				6C8B24142B1636BB005E3BE3 /* ShellScript */,
			);
			buildRules = (
			);
			dependencies = (
			);
			fileSystemSynchronizedGroups = (
				6C28B08B2CC1B0F9002015E5 /* Effem */,
			);
			name = Effem;
			packageProductDependencies = (
				6CE2A39F2AF2FB8D003C82C3 /* PodcastIndexKit */,
				6CE2A3A22AF33366003C82C3 /* PodcastIndexKit */,
				6C2B6A242B9C8CF900CDFDA6 /* PodcastIndexKit */,
				6C56B56A2C3AE37500E9565F /* PodcastIndexKit */,
				6C56B56D2C3AE3C600E9565F /* PodcastIndexKit */,
				6C9681F42C41D101006D94BE /* PodcastIndexKit */,
				6C9681F72C41D356006D94BE /* PodcastIndexKit */,
			);
			productName = Index;
			productReference = 6C15D2482A095221001CBAAD /* Effem.app */;
			productType = "com.apple.product-type.application";
		};
/* End PBXNativeTarget section */

/* Begin PBXProject section */
		6C15D2402A095221001CBAAD /* Project object */ = {
			isa = PBXProject;
			attributes = {
				BuildIndependentTargetsInParallel = 1;
				LastSwiftUpdateCheck = 1430;
				LastUpgradeCheck = 1500;
				TargetAttributes = {
					6C15D2472A095221001CBAAD = {
						CreatedOnToolsVersion = 14.3;
					};
				};
			};
			buildConfigurationList = 6C15D2432A095221001CBAAD /* Build configuration list for PBXProject "Effem" */;
			compatibilityVersion = "Xcode 15.0";
			developmentRegion = en;
			hasScannedForEncodings = 0;
			knownRegions = (
				en,
				Base,
			);
			mainGroup = 6C15D23F2A095221001CBAAD;
			packageReferences = (
				6C9681F62C41D356006D94BE /* XCRemoteSwiftPackageReference "PodcastIndexKit" */,
			);
			productRefGroup = 6C15D2492A095221001CBAAD /* Products */;
			projectDirPath = "";
			projectRoot = "";
			targets = (
				6C15D2472A095221001CBAAD /* Effem */,
			);
		};
/* End PBXProject section */

/* Begin PBXResourcesBuildPhase section */
		6C15D2462A095221001CBAAD /* Resources */ = {
			isa = PBXResourcesBuildPhase;
			buildActionMask = 2147483647;
			files = (
			);
			runOnlyForDeploymentPostprocessing = 0;
		};
/* End PBXResourcesBuildPhase section */

/* Begin PBXShellScriptBuildPhase section */
		6C8B24142B1636BB005E3BE3 /* ShellScript */ = {
			isa = PBXShellScriptBuildPhase;
			alwaysOutOfDate = 1;
			buildActionMask = 2147483647;
			files = (
			);
			inputFileListPaths = (
			);
			inputPaths = (
			);
			outputFileListPaths = (
			);
			outputPaths = (
			);
			runOnlyForDeploymentPostprocessing = 0;
			shellPath = /bin/sh;
			shellScript = "#!/bin/bash\n\n# Path to the xcconfig file to be generated\nXCCONFIG_FILE=\"User.xcconfig\"\n\n# Check if the xcconfig file already exists\nif [ ! -f \"$XCCONFIG_FILE\" ]; then\n    # Environment variable that contains the bundle identifier\n    #BUNDLE_IDENTIFIER=$1\n    \n    DEVELOPMENT_TEAM = $1\n    BUNDLE_ID_PREFIX = $2\n    PODCAST_INDEX_API_KEY = $3\n    PODCAST_INDEX_API_SECRET = $4\n    PODCAST_INDEX_USER_AGENT = $5\n\n    # Write the configuration to the xcconfig file\n    echo \"DEVELOPMENT_TEAM = $DEVELOPMENT_TEAM\" > $XCCONFIG_FILE\n    echo \"BUNDLE_ID_PREFIX = $BUNDLE_ID_PREFIX\" > $XCCONFIG_FILE\n    echo \"PODCAST_INDEX_API_KEY = $PODCAST_INDEX_API_KEY\" > $XCCONFIG_FILE\n    echo \"PODCAST_INDEX_API_SECRET = $PODCAST_INDEX_API_SECRET\" > $XCCONFIG_FILE\n    echo \"PODCAST_INDEX_USER_AGENT = $PODCAST_INDEX_USER_AGENT\" > $XCCONFIG_FILE\n\n    echo \"Generated $XCCONFIG_FILE\"\nelse\n    echo \"$XCCONFIG_FILE already exists. No changes made.\"\nfi\n";
		};
/* End PBXShellScriptBuildPhase section */

/* Begin PBXSourcesBuildPhase section */
		6C15D2442A095221001CBAAD /* Sources */ = {
			isa = PBXSourcesBuildPhase;
			buildActionMask = 2147483647;
			files = (
			);
			runOnlyForDeploymentPostprocessing = 0;
		};
/* End PBXSourcesBuildPhase section */

/* Begin XCBuildConfiguration section */
		6C15D2542A095222001CBAAD /* Debug */ = {
			isa = XCBuildConfiguration;
			baseConfigurationReferenceAnchor = 6C28B0BF2CC1B0FD002015E5 /* Configurations */;
			baseConfigurationReferenceRelativePath = Effem.xcconfig;
			buildSettings = {
				ALWAYS_SEARCH_USER_PATHS = NO;
				ASSETCATALOG_COMPILER_GENERATE_SWIFT_ASSET_SYMBOL_EXTENSIONS = YES;
				CLANG_ANALYZER_NONNULL = YES;
				CLANG_ANALYZER_NUMBER_OBJECT_CONVERSION = YES_AGGRESSIVE;
				CLANG_CXX_LANGUAGE_STANDARD = "gnu++20";
				CLANG_ENABLE_MODULES = YES;
				CLANG_ENABLE_OBJC_ARC = YES;
				CLANG_ENABLE_OBJC_WEAK = YES;
				CLANG_WARN_BLOCK_CAPTURE_AUTORELEASING = YES;
				CLANG_WARN_BOOL_CONVERSION = YES;
				CLANG_WARN_COMMA = YES;
				CLANG_WARN_CONSTANT_CONVERSION = YES;
				CLANG_WARN_DEPRECATED_OBJC_IMPLEMENTATIONS = YES;
				CLANG_WARN_DIRECT_OBJC_ISA_USAGE = YES_ERROR;
				CLANG_WARN_DOCUMENTATION_COMMENTS = YES;
				CLANG_WARN_EMPTY_BODY = YES;
				CLANG_WARN_ENUM_CONVERSION = YES;
				CLANG_WARN_INFINITE_RECURSION = YES;
				CLANG_WARN_INT_CONVERSION = YES;
				CLANG_WARN_NON_LITERAL_NULL_CONVERSION = YES;
				CLANG_WARN_OBJC_IMPLICIT_RETAIN_SELF = YES;
				CLANG_WARN_OBJC_LITERAL_CONVERSION = YES;
				CLANG_WARN_OBJC_ROOT_CLASS = YES_ERROR;
				CLANG_WARN_QUOTED_INCLUDE_IN_FRAMEWORK_HEADER = YES;
				CLANG_WARN_RANGE_LOOP_ANALYSIS = YES;
				CLANG_WARN_STRICT_PROTOTYPES = YES;
				CLANG_WARN_SUSPICIOUS_MOVE = YES;
				CLANG_WARN_UNGUARDED_AVAILABILITY = YES_AGGRESSIVE;
				CLANG_WARN_UNREACHABLE_CODE = YES;
				CLANG_WARN__DUPLICATE_METHOD_MATCH = YES;
				COPY_PHASE_STRIP = NO;
				DEBUG_INFORMATION_FORMAT = dwarf;
				ENABLE_STRICT_OBJC_MSGSEND = YES;
				ENABLE_TESTABILITY = YES;
				ENABLE_USER_SCRIPT_SANDBOXING = YES;
				GCC_C_LANGUAGE_STANDARD = gnu11;
				GCC_DYNAMIC_NO_PIC = NO;
				GCC_NO_COMMON_BLOCKS = YES;
				GCC_OPTIMIZATION_LEVEL = 0;
				GCC_PREPROCESSOR_DEFINITIONS = (
					"DEBUG=1",
					"$(inherited)",
				);
				GCC_WARN_64_TO_32_BIT_CONVERSION = YES;
				GCC_WARN_ABOUT_RETURN_TYPE = YES_ERROR;
				GCC_WARN_UNDECLARED_SELECTOR = YES;
				GCC_WARN_UNINITIALIZED_AUTOS = YES_AGGRESSIVE;
				GCC_WARN_UNUSED_FUNCTION = YES;
				GCC_WARN_UNUSED_VARIABLE = YES;
				IPHONEOS_DEPLOYMENT_TARGET = 16.4;
				MTL_ENABLE_DEBUG_INFO = INCLUDE_SOURCE;
				MTL_FAST_MATH = YES;
				ONLY_ACTIVE_ARCH = YES;
				SDKROOT = iphoneos;
				SWIFT_ACTIVE_COMPILATION_CONDITIONS = DEBUG;
				SWIFT_OPTIMIZATION_LEVEL = "-Onone";
			};
			name = Debug;
		};
		6C15D2552A095222001CBAAD /* Release */ = {
			isa = XCBuildConfiguration;
			baseConfigurationReferenceAnchor = 6C28B0BF2CC1B0FD002015E5 /* Configurations */;
			baseConfigurationReferenceRelativePath = Effem.xcconfig;
			buildSettings = {
				ALWAYS_SEARCH_USER_PATHS = NO;
				ASSETCATALOG_COMPILER_GENERATE_SWIFT_ASSET_SYMBOL_EXTENSIONS = YES;
				CLANG_ANALYZER_NONNULL = YES;
				CLANG_ANALYZER_NUMBER_OBJECT_CONVERSION = YES_AGGRESSIVE;
				CLANG_CXX_LANGUAGE_STANDARD = "gnu++20";
				CLANG_ENABLE_MODULES = YES;
				CLANG_ENABLE_OBJC_ARC = YES;
				CLANG_ENABLE_OBJC_WEAK = YES;
				CLANG_WARN_BLOCK_CAPTURE_AUTORELEASING = YES;
				CLANG_WARN_BOOL_CONVERSION = YES;
				CLANG_WARN_COMMA = YES;
				CLANG_WARN_CONSTANT_CONVERSION = YES;
				CLANG_WARN_DEPRECATED_OBJC_IMPLEMENTATIONS = YES;
				CLANG_WARN_DIRECT_OBJC_ISA_USAGE = YES_ERROR;
				CLANG_WARN_DOCUMENTATION_COMMENTS = YES;
				CLANG_WARN_EMPTY_BODY = YES;
				CLANG_WARN_ENUM_CONVERSION = YES;
				CLANG_WARN_INFINITE_RECURSION = YES;
				CLANG_WARN_INT_CONVERSION = YES;
				CLANG_WARN_NON_LITERAL_NULL_CONVERSION = YES;
				CLANG_WARN_OBJC_IMPLICIT_RETAIN_SELF = YES;
				CLANG_WARN_OBJC_LITERAL_CONVERSION = YES;
				CLANG_WARN_OBJC_ROOT_CLASS = YES_ERROR;
				CLANG_WARN_QUOTED_INCLUDE_IN_FRAMEWORK_HEADER = YES;
				CLANG_WARN_RANGE_LOOP_ANALYSIS = YES;
				CLANG_WARN_STRICT_PROTOTYPES = YES;
				CLANG_WARN_SUSPICIOUS_MOVE = YES;
				CLANG_WARN_UNGUARDED_AVAILABILITY = YES_AGGRESSIVE;
				CLANG_WARN_UNREACHABLE_CODE = YES;
				CLANG_WARN__DUPLICATE_METHOD_MATCH = YES;
				COPY_PHASE_STRIP = NO;
				DEBUG_INFORMATION_FORMAT = "dwarf-with-dsym";
				ENABLE_NS_ASSERTIONS = NO;
				ENABLE_STRICT_OBJC_MSGSEND = YES;
				ENABLE_USER_SCRIPT_SANDBOXING = YES;
				GCC_C_LANGUAGE_STANDARD = gnu11;
				GCC_NO_COMMON_BLOCKS = YES;
				GCC_WARN_64_TO_32_BIT_CONVERSION = YES;
				GCC_WARN_ABOUT_RETURN_TYPE = YES_ERROR;
				GCC_WARN_UNDECLARED_SELECTOR = YES;
				GCC_WARN_UNINITIALIZED_AUTOS = YES_AGGRESSIVE;
				GCC_WARN_UNUSED_FUNCTION = YES;
				GCC_WARN_UNUSED_VARIABLE = YES;
				IPHONEOS_DEPLOYMENT_TARGET = 16.4;
				MTL_ENABLE_DEBUG_INFO = NO;
				MTL_FAST_MATH = YES;
				SDKROOT = iphoneos;
				SWIFT_COMPILATION_MODE = wholemodule;
				SWIFT_OPTIMIZATION_LEVEL = "-O";
				VALIDATE_PRODUCT = YES;
			};
			name = Release;
		};
		6C15D2572A095222001CBAAD /* Debug */ = {
			isa = XCBuildConfiguration;
			buildSettings = {
				ASSETCATALOG_COMPILER_APPICON_NAME = AppIcon;
				ASSETCATALOG_COMPILER_GLOBAL_ACCENT_COLOR_NAME = AccentColor;
				CODE_SIGN_STYLE = Automatic;
				CURRENT_PROJECT_VERSION = 3;
				DEVELOPMENT_ASSET_PATHS = "\"Effem/Preview Content\"";
				ENABLE_PREVIEWS = YES;
				GENERATE_INFOPLIST_FILE = YES;
				INFOPLIST_FILE = Effem/System/Info.plist;
				INFOPLIST_KEY_UIApplicationSceneManifest_Generation = YES;
				INFOPLIST_KEY_UIApplicationSupportsIndirectInputEvents = YES;
				INFOPLIST_KEY_UILaunchScreen_Generation = YES;
				INFOPLIST_KEY_UISupportedInterfaceOrientations = UIInterfaceOrientationPortrait;
				INFOPLIST_KEY_UISupportedInterfaceOrientations_iPad = "UIInterfaceOrientationLandscapeLeft UIInterfaceOrientationLandscapeRight UIInterfaceOrientationPortrait UIInterfaceOrientationPortraitUpsideDown";
				IPHONEOS_DEPLOYMENT_TARGET = 18.0;
				LD_RUNPATH_SEARCH_PATHS = (
					"$(inherited)",
					"@executable_path/Frameworks",
				);
				MARKETING_VERSION = 1.0;
				PRODUCT_NAME = "$(TARGET_NAME)";
				SUPPORTED_PLATFORMS = "iphoneos iphonesimulator";
				SUPPORTS_MACCATALYST = NO;
				SUPPORTS_MAC_DESIGNED_FOR_IPHONE_IPAD = NO;
				SUPPORTS_XR_DESIGNED_FOR_IPHONE_IPAD = NO;
				SWIFT_EMIT_LOC_STRINGS = YES;
				SWIFT_STRICT_CONCURRENCY = complete;
				SWIFT_VERSION = 6.0;
				TARGETED_DEVICE_FAMILY = 1;
			};
			name = Debug;
		};
		6C15D2582A095222001CBAAD /* Release */ = {
			isa = XCBuildConfiguration;
			buildSettings = {
				ASSETCATALOG_COMPILER_APPICON_NAME = AppIcon;
				ASSETCATALOG_COMPILER_GLOBAL_ACCENT_COLOR_NAME = AccentColor;
				CODE_SIGN_STYLE = Automatic;
				CURRENT_PROJECT_VERSION = 3;
				DEVELOPMENT_ASSET_PATHS = "\"Effem/Preview Content\"";
				ENABLE_PREVIEWS = YES;
				GENERATE_INFOPLIST_FILE = YES;
				INFOPLIST_FILE = Effem/System/Info.plist;
				INFOPLIST_KEY_UIApplicationSceneManifest_Generation = YES;
				INFOPLIST_KEY_UIApplicationSupportsIndirectInputEvents = YES;
				INFOPLIST_KEY_UILaunchScreen_Generation = YES;
				INFOPLIST_KEY_UISupportedInterfaceOrientations = UIInterfaceOrientationPortrait;
				INFOPLIST_KEY_UISupportedInterfaceOrientations_iPad = "UIInterfaceOrientationLandscapeLeft UIInterfaceOrientationLandscapeRight UIInterfaceOrientationPortrait UIInterfaceOrientationPortraitUpsideDown";
				IPHONEOS_DEPLOYMENT_TARGET = 18.0;
				LD_RUNPATH_SEARCH_PATHS = (
					"$(inherited)",
					"@executable_path/Frameworks",
				);
				MARKETING_VERSION = 1.0;
				PRODUCT_NAME = "$(TARGET_NAME)";
				SUPPORTED_PLATFORMS = "iphoneos iphonesimulator";
				SUPPORTS_MACCATALYST = NO;
				SUPPORTS_MAC_DESIGNED_FOR_IPHONE_IPAD = NO;
				SUPPORTS_XR_DESIGNED_FOR_IPHONE_IPAD = NO;
				SWIFT_EMIT_LOC_STRINGS = YES;
				SWIFT_STRICT_CONCURRENCY = complete;
				SWIFT_VERSION = 6.0;
				TARGETED_DEVICE_FAMILY = 1;
			};
			name = Release;
		};
/* End XCBuildConfiguration section */

/* Begin XCConfigurationList section */
		6C15D2432A095221001CBAAD /* Build configuration list for PBXProject "Effem" */ = {
			isa = XCConfigurationList;
			buildConfigurations = (
				6C15D2542A095222001CBAAD /* Debug */,
				6C15D2552A095222001CBAAD /* Release */,
			);
			defaultConfigurationIsVisible = 0;
			defaultConfigurationName = Release;
		};
		6C15D2562A095222001CBAAD /* Build configuration list for PBXNativeTarget "Effem" */ = {
			isa = XCConfigurationList;
			buildConfigurations = (
				6C15D2572A095222001CBAAD /* Debug */,
				6C15D2582A095222001CBAAD /* Release */,
			);
			defaultConfigurationIsVisible = 0;
			defaultConfigurationName = Release;
		};
/* End XCConfigurationList section */

/* Begin XCRemoteSwiftPackageReference section */
		6C9681F62C41D356006D94BE /* XCRemoteSwiftPackageReference "PodcastIndexKit" */ = {
			isa = XCRemoteSwiftPackageReference;
			repositoryURL = "https://github.com/SparrowTek/PodcastIndexKit";
			requirement = {
				branch = main;
				kind = branch;
			};
		};
/* End XCRemoteSwiftPackageReference section */

/* Begin XCSwiftPackageProductDependency section */
		6C2B6A242B9C8CF900CDFDA6 /* PodcastIndexKit */ = {
			isa = XCSwiftPackageProductDependency;
			productName = PodcastIndexKit;
		};
		6C56B56A2C3AE37500E9565F /* PodcastIndexKit */ = {
			isa = XCSwiftPackageProductDependency;
			productName = PodcastIndexKit;
		};
		6C56B56D2C3AE3C600E9565F /* PodcastIndexKit */ = {
			isa = XCSwiftPackageProductDependency;
			productName = PodcastIndexKit;
		};
		6C9681F42C41D101006D94BE /* PodcastIndexKit */ = {
			isa = XCSwiftPackageProductDependency;
			productName = PodcastIndexKit;
		};
		6C9681F72C41D356006D94BE /* PodcastIndexKit */ = {
			isa = XCSwiftPackageProductDependency;
			package = 6C9681F62C41D356006D94BE /* XCRemoteSwiftPackageReference "PodcastIndexKit" */;
			productName = PodcastIndexKit;
		};
		6CE2A39F2AF2FB8D003C82C3 /* PodcastIndexKit */ = {
			isa = XCSwiftPackageProductDependency;
			productName = PodcastIndexKit;
		};
		6CE2A3A22AF33366003C82C3 /* PodcastIndexKit */ = {
			isa = XCSwiftPackageProductDependency;
			productName = PodcastIndexKit;
		};
/* End XCSwiftPackageProductDependency section */
	};
	rootObject = 6C15D2402A095221001CBAAD /* Project object */;
}
