{
  "originHash" : "e984d0c51a0528c8db7aad29631a3a61349bdf644d66fc49fb8be4fc5a1082ab",
  "pins" : [
    {
      "identity" : "podcastindexkit",
      "kind" : "remoteSourceControl",
      "location" : "https://github.com/SparrowTek/PodcastIndexKit",
      "state" : {
        "branch" : "main",
        "revision" : "551fbbedac1bef55aa468dc58056ede94190cead"
      }
    }
  ],
  "version" : 3
}
