{
  "originHash" : "86b183ec59e6eec45866f9ec2d47327221938e64aea5905e491a0c725cef6548",
  "pins" : [
    {
      "identity" : "nuke",
      "kind" : "remoteSourceControl",
      "location" : "https://github.com/kean/Nuke.git",
      "state" : {
        "revision" : "1694798e876113d44f6ec6ead965d7286695981d",
        "version" : "12.2.0"
      }
    },
    {
      "identity" : "podcastindexkit",
      "kind" : "remoteSourceControl",
      "location" : "https://github.com/SparrowTek/PodcastIndexKit",
      "state" : {
        "branch" : "main",
        "revision" : "bc64e75088735fc0e7727aa105eb1c69510a552e"
      }
    }
  ],
  "version" : 3
}
